<?xml version="1.0" encoding="utf-8"?>
<Project ToolsVersion="4.0" xmlns="http://schemas.microsoft.com/developer/msbuild/2003">
  <ItemGroup>
    <Filter Include="Source Files">
      <UniqueIdentifier>{4FC737F1-C7A5-4376-A066-2A32D752A2FF}</UniqueIdentifier>
      <Extensions>cpp;c;cc;cxx;def;odl;idl;hpj;bat;asm;asmx</Extensions>
    </Filter>
    <Filter Include="Header Files">
      <UniqueIdentifier>{93995380-89BD-4b04-88EB-625FBE52EBFB}</UniqueIdentifier>
      <Extensions>h;hh;hpp;hxx;hm;inl;inc;ipp;xsd</Extensions>
    </Filter>
    <Filter Include="Resource Files">
      <UniqueIdentifier>{67DA6AB6-F800-4c08-8B7A-83BB121AAD01}</UniqueIdentifier>
      <Extensions>rc;ico;cur;bmp;dlg;rc2;rct;bin;rgs;gif;jpg;jpeg;jpe;resx;tiff;tif;png;wav;mfcribbon-ms</Extensions>
    </Filter>
  </ItemGroup>
  <ItemGroup>
    <ClCompile Include="main.cpp">
      <Filter>Source Files</Filter>
    </ClCompile>
    <ClCompile Include="PieceTextures.cpp">
      <Filter>Source Files</Filter>
    </ClCompile>
    <ClCompile Include="Controllers\Game3State.cpp">
      <Filter>Source Files</Filter>
    </ClCompile>
    <ClCompile Include="Controllers\GameStateManager.cpp">
      <Filter>Source Files</Filter>
    </ClCompile>
    <ClCompile Include="Controllers\MenuState.cpp">
      <Filter>Source Files</Filter>
    </ClCompile>
    <ClCompile Include="Models\BoardModel.cpp">
      <Filter>Source Files</Filter>
    </ClCompile>
    <ClCompile Include="Models\Game3\Game3Model.cpp">
      <Filter>Source Files</Filter>
    </ClCompile>
    <ClCompile Include="Models\Player\Player.cpp">
      <Filter>Source Files</Filter>
    </ClCompile>
    <ClCompile Include="Models\Strategy\KingMovementStrategy.cpp">
      <Filter>Source Files</Filter>
    </ClCompile>
    <ClCompile Include="Models\Strategy\PawnMovementStrategy.cpp">
      <Filter>Source Files</Filter>
    </ClCompile>
    <ClCompile Include="Models\Strategy\QueenMovementStrategy.cpp">
      <Filter>Source Files</Filter>
    </ClCompile>
    <ClCompile Include="Views\BoardView.cpp">
      <Filter>Source Files</Filter>
    </ClCompile>
    <ClCompile Include="Views\Game3View\Game3View.cpp">
      <Filter>Source Files</Filter>
    </ClCompile>
    <ClCompile Include="Views\MenuView\MenuView.cpp">
      <Filter>Source Files</Filter>
    </ClCompile>
    <ClCompile Include="Models\Game3\Piece3Model.cpp">
      <Filter>Source Files</Filter>
    </ClCompile>
    <ClCompile Include="Views\Game3View\Piece3View.cpp">
      <Filter>Source Files</Filter>
    </ClCompile>
    <ClCompile Include="Models\Game2\Board2Model.cpp">
      <Filter>Source Files</Filter>
    </ClCompile>
    <ClCompile Include="Views\Game2\Board2View.cpp">
      <Filter>Source Files</Filter>
    </ClCompile>
    <ClCompile Include="Controllers\Game2State.cpp">
      <Filter>Source Files</Filter>
    </ClCompile>
    <ClCompile Include="Models\Game3\Game3Player.cpp">
      <Filter>Source Files</Filter>
    </ClCompile>
    <ClCompile Include="Models\Game2\Piece2Model.cpp">
      <Filter>Source Files</Filter>
    </ClCompile>
    <ClCompile Include="Views\Game2\Piece2View.cpp">
      <Filter>Source Files</Filter>
    </ClCompile>
    <ClCompile Include="Models\Game2\Game2Model.cpp">
      <Filter>Source Files</Filter>
    </ClCompile>
    <ClCompile Include="Models\Game2\Game2Player.cpp">
      <Filter>Source Files</Filter>
    </ClCompile>
    <ClCompile Include="Views\Game2\Game2View.cpp">
      <Filter>Source Files</Filter>
    </ClCompile>
    <ClCompile Include="Controllers\Game1State.cpp">
      <Filter>Source Files</Filter>
    </ClCompile>
    <ClCompile Include="Models\Game1\Board1Model.cpp">
      <Filter>Source Files</Filter>
    </ClCompile>
    <ClCompile Include="Views\Game1\Board1View.cpp">
      <Filter>Source Files</Filter>
    </ClCompile>
    <ClCompile Include="Models\Game1\Game1Model.cpp">
      <Filter>Source Files</Filter>
    </ClCompile>
    <ClCompile Include="Views\Game1\Game1View.cpp">
      <Filter>Source Files</Filter>
    </ClCompile>
    <ClCompile Include="Models\Game1\Piece1Model.cpp">
      <Filter>Source Files</Filter>
    </ClCompile>
    <ClCompile Include="Views\Game1\Piece1View.cpp">
      <Filter>Source Files</Filter>
    </ClCompile>
    <ClCompile Include="Models\Game1\Game1Player.cpp">
      <Filter>Source Files</Filter>
    </ClCompile>
  </ItemGroup>
  <ItemGroup>
    <ClInclude Include="PieceTextures.h">
      <Filter>Header Files</Filter>
    </ClInclude>
    <ClInclude Include="Controllers\Game3State.h">
      <Filter>Header Files</Filter>
    </ClInclude>
    <ClInclude Include="Controllers\GameState.h">
      <Filter>Header Files</Filter>
    </ClInclude>
    <ClInclude Include="Controllers\GameStateManager.h">
      <Filter>Header Files</Filter>
    </ClInclude>
    <ClInclude Include="Controllers\MenuState.h">
      <Filter>Header Files</Filter>
    </ClInclude>
    <ClInclude Include="Models\BoardModel.h">
      <Filter>Header Files</Filter>
    </ClInclude>
    <ClInclude Include="Models\Game3\Game3Model.h">
      <Filter>Header Files</Filter>
    </ClInclude>
    <ClInclude Include="Models\Player\Player.h">
      <Filter>Header Files</Filter>
    </ClInclude>
    <ClInclude Include="Models\Strategy\KingMovementStrategy.h">
      <Filter>Header Files</Filter>
    </ClInclude>
    <ClInclude Include="Models\Strategy\MovementStrategy.h">
      <Filter>Header Files</Filter>
    </ClInclude>
    <ClInclude Include="Models\Strategy\PawnMovementStrategy.h">
      <Filter>Header Files</Filter>
    </ClInclude>
    <ClInclude Include="Models\Strategy\QueenMovementStrategy.h">
      <Filter>Header Files</Filter>
    </ClInclude>
    <ClInclude Include="Views\BoardView.h">
      <Filter>Header Files</Filter>
    </ClInclude>
    <ClInclude Include="Views\Game3View\Game3View.h">
      <Filter>Header Files</Filter>
    </ClInclude>
    <ClInclude Include="Views\MenuView\MenuView.h">
      <Filter>Header Files</Filter>
    </ClInclude>
    <ClInclude Include="Models\Game3\Piece3Model.h">
      <Filter>Header Files</Filter>
    </ClInclude>
    <ClInclude Include="Views\Game3View\Piece3View.h">
      <Filter>Header Files</Filter>
    </ClInclude>
    <ClInclude Include="Views\Game2\Board2View.h">
      <Filter>Header Files</Filter>
    </ClInclude>
    <ClInclude Include="Models\Game2\Board2Model.h">
      <Filter>Header Files</Filter>
    </ClInclude>
    <ClInclude Include="Controllers\Game2State.h">
      <Filter>Header Files</Filter>
    </ClInclude>
    <ClInclude Include="Models\Game3\Game3Player.h">
      <Filter>Header Files</Filter>
    </ClInclude>
    <ClInclude Include="Views\Game2\Piece2View.h">
      <Filter>Header Files</Filter>
    </ClInclude>
    <ClInclude Include="Models\Game2\Piece2Model.h">
      <Filter>Header Files</Filter>
    </ClInclude>
    <ClInclude Include="Models\Game2\Game2Model.h">
      <Filter>Header Files</Filter>
    </ClInclude>
    <ClInclude Include="Models\Game2\Game2Player.h">
      <Filter>Header Files</Filter>
    </ClInclude>
    <ClInclude Include="Views\Game2\Game2View.h">
      <Filter>Header Files</Filter>
    </ClInclude>
    <ClInclude Include="Controllers\Game1State.h">
      <Filter>Header Files</Filter>
    </ClInclude>
    <ClInclude Include="Models\Game1\Board1Model.h">
      <Filter>Header Files</Filter>
    </ClInclude>
    <ClInclude Include="Views\Game1\Board1View.h">
      <Filter>Header Files</Filter>
    </ClInclude>
    <ClInclude Include="Models\Game1\Game1Model.h">
      <Filter>Header Files</Filter>
    </ClInclude>
    <ClInclude Include="Views\Game1\Game1View.h">
      <Filter>Header Files</Filter>
    </ClInclude>
    <ClInclude Include="Models\Game1\Piece1Model.h">
      <Filter>Header Files</Filter>
    </ClInclude>
    <ClInclude Include="Views\Game1\Piece1View.h">
      <Filter>Header Files</Filter>
    </ClInclude>
    <ClInclude Include="Models\Game1\Game1Player.h">
      <Filter>Header Files</Filter>
    </ClInclude>
  </ItemGroup>
</Project>